
Microsoft Visual Studio Solution File, Format Version 12.00
Project("{FAE04EC0-301F-11D3-BF4B-00C04F79EFBC}") = "HotelListing", "HotelListing\HotelListing.csproj", "{683E1E4A-7712-4485-8590-6B0FF5E8C35C}"
EndProject
Global
	GlobalSection(SolutionConfigurationPlatforms) = preSolution
		Debug|Any CPU = Debug|Any CPU
		Release|Any CPU = Release|Any CPU
	EndGlobalSection
	GlobalSection(ProjectConfigurationPlatforms) = postSolution
		{683E1E4A-7712-4485-8590-6B0FF5E8C35C}.Debug|Any CPU.ActiveCfg = Debug|Any CPU
		{683E1E4A-7712-4485-8590-6B0FF5E8C35C}.Debug|Any CPU.Build.0 = Debug|Any CPU
		{683E1E4A-7712-4485-8590-6B0FF5E8C35C}.Release|Any CPU.ActiveCfg = Release|Any CPU
		{683E1E4A-7712-4485-8590-6B0FF5E8C35C}.Release|Any CPU.Build.0 = Release|Any CPU
	EndGlobalSection
EndGlobal
